{
  "name": "irida-next-core",
  "version": "1.0.0",
  "lockfileVersion": 2,
  "requires": true,
  "packages": {
    "": {
      "name": "irida-next-core",
      "version": "1.0.0",
      "license": "ISC",
      "dependencies": {
        "deepmerge": "^4.3.0",
        "flowbite": "^1.6.3",
        "material-ripple-effects": "^2.0.1",
        "mini-svg-data-uri": "^1.4.4"
      },
      "devDependencies": {
        "prettier": "^2.8.4",
        "prettier-plugin-tailwindcss": "^0.2.3"
      }
    },
    "node_modules/@popperjs/core": {
      "version": "2.11.6",
      "resolved": "https://registry.npmjs.org/@popperjs/core/-/core-2.11.6.tgz",
      "integrity": "sha512-50/17A98tWUfQ176raKiOGXuYpLyyVMkxxG6oylzL3BPOlA6ADGdK7EYunSa4I064xerltq9TGXs8HmOk5E+vw==",
      "funding": {
        "type": "opencollective",
        "url": "https://opencollective.com/popperjs"
      }
    },
    "node_modules/deepmerge": {
      "version": "4.3.0",
      "resolved": "https://registry.npmjs.org/deepmerge/-/deepmerge-4.3.0.tgz",
      "integrity": "sha512-z2wJZXrmeHdvYJp/Ux55wIjqo81G5Bp4c+oELTW+7ar6SogWHajt5a9gO3s3IDaGSAXjDk0vlQKN3rms8ab3og==",
      "engines": {
        "node": ">=0.10.0"
      }
    },
    "node_modules/flowbite": {
      "version": "1.6.3",
      "resolved": "https://registry.npmjs.org/flowbite/-/flowbite-1.6.3.tgz",
      "integrity": "sha512-wTtAzZBLrUYqUBoTSNcMAeJrZNAcdx04EDgXWnkQ7gkKoAPFvLaq/H/Zw0JKZLVKFpKxqJ7PlvocfDApSHjhvw==",
      "dependencies": {
        "@popperjs/core": "^2.9.3",
        "mini-svg-data-uri": "^1.4.3"
      }
    },
    "node_modules/material-ripple-effects": {
      "version": "2.0.1",
      "resolved": "https://registry.npmjs.org/material-ripple-effects/-/material-ripple-effects-2.0.1.tgz",
      "integrity": "sha512-hHlUkZAuXbP94lu02VgrPidbZ3hBtgXBtjlwR8APNqOIgDZMV8MCIcsclL8FmGJQHvnORyvoQgC965vPsiyXLQ=="
    },
    "node_modules/mini-svg-data-uri": {
      "version": "1.4.4",
      "resolved": "https://registry.npmjs.org/mini-svg-data-uri/-/mini-svg-data-uri-1.4.4.tgz",
      "integrity": "sha512-r9deDe9p5FJUPZAk3A59wGH7Ii9YrjjWw0jmw/liSbHl2CHiyXj6FcDXDu2K3TjVAXqiJdaw3xxwlZZr9E6nHg==",
      "bin": {
        "mini-svg-data-uri": "cli.js"
      }
    },
    "node_modules/prettier": {
      "version": "2.8.4",
      "resolved": "https://registry.npmjs.org/prettier/-/prettier-2.8.4.tgz",
      "integrity": "sha512-vIS4Rlc2FNh0BySk3Wkd6xmwxB0FpOndW5fisM5H8hsZSxU2VWVB5CWIkIjWvrHjIhxk2g3bfMKM87zNTrZddw==",
      "dev": true,
      "bin": {
        "prettier": "bin-prettier.js"
      },
      "engines": {
        "node": ">=10.13.0"
      },
      "funding": {
        "url": "https://github.com/prettier/prettier?sponsor=1"
      }
    },
    "node_modules/prettier-plugin-tailwindcss": {
      "version": "0.2.3",
      "resolved": "https://registry.npmjs.org/prettier-plugin-tailwindcss/-/prettier-plugin-tailwindcss-0.2.3.tgz",
      "integrity": "sha512-s2N5Dh7Ao5KTV1mao5ZBnn8EKtUcDPJEkGViZIjI0Ij9TTI5zgTz4IHOxW33jOdjHKa8CSjM88scelUiC5TNRQ==",
      "dev": true,
      "engines": {
        "node": ">=12.17.0"
      },
      "peerDependencies": {
        "@ianvs/prettier-plugin-sort-imports": "*",
        "@prettier/plugin-php": "*",
        "@prettier/plugin-pug": "*",
        "@shopify/prettier-plugin-liquid": "*",
        "@shufo/prettier-plugin-blade": "*",
        "@trivago/prettier-plugin-sort-imports": "*",
        "prettier": ">=2.2.0",
        "prettier-plugin-astro": "*",
        "prettier-plugin-css-order": "*",
        "prettier-plugin-import-sort": "*",
        "prettier-plugin-jsdoc": "*",
        "prettier-plugin-organize-attributes": "*",
        "prettier-plugin-organize-imports": "*",
        "prettier-plugin-style-order": "*",
        "prettier-plugin-svelte": "*",
        "prettier-plugin-twig-melody": "*"
      },
      "peerDependenciesMeta": {
        "@ianvs/prettier-plugin-sort-imports": {
          "optional": true
        },
        "@prettier/plugin-php": {
          "optional": true
        },
        "@prettier/plugin-pug": {
          "optional": true
        },
        "@shopify/prettier-plugin-liquid": {
          "optional": true
        },
        "@shufo/prettier-plugin-blade": {
          "optional": true
        },
        "@trivago/prettier-plugin-sort-imports": {
          "optional": true
        },
        "prettier-plugin-astro": {
          "optional": true
        },
        "prettier-plugin-css-order": {
          "optional": true
        },
        "prettier-plugin-import-sort": {
          "optional": true
        },
        "prettier-plugin-jsdoc": {
          "optional": true
        },
        "prettier-plugin-organize-attributes": {
          "optional": true
        },
        "prettier-plugin-organize-imports": {
          "optional": true
        },
        "prettier-plugin-style-order": {
          "optional": true
        },
        "prettier-plugin-svelte": {
          "optional": true
        },
        "prettier-plugin-twig-melody": {
          "optional": true
        }
      }
    }
  },
  "dependencies": {
    "@popperjs/core": {
      "version": "2.11.6",
      "resolved": "https://registry.npmjs.org/@popperjs/core/-/core-2.11.6.tgz",
      "integrity": "sha512-50/17A98tWUfQ176raKiOGXuYpLyyVMkxxG6oylzL3BPOlA6ADGdK7EYunSa4I064xerltq9TGXs8HmOk5E+vw=="
    },
    "deepmerge": {
      "version": "4.3.0",
      "resolved": "https://registry.npmjs.org/deepmerge/-/deepmerge-4.3.0.tgz",
      "integrity": "sha512-z2wJZXrmeHdvYJp/Ux55wIjqo81G5Bp4c+oELTW+7ar6SogWHajt5a9gO3s3IDaGSAXjDk0vlQKN3rms8ab3og=="
    },
    "flowbite": {
      "version": "1.6.3",
      "resolved": "https://registry.npmjs.org/flowbite/-/flowbite-1.6.3.tgz",
      "integrity": "sha512-wTtAzZBLrUYqUBoTSNcMAeJrZNAcdx04EDgXWnkQ7gkKoAPFvLaq/H/Zw0JKZLVKFpKxqJ7PlvocfDApSHjhvw==",
      "requires": {
        "@popperjs/core": "^2.9.3",
        "mini-svg-data-uri": "^1.4.3"
      }
    },
    "material-ripple-effects": {
      "version": "2.0.1",
      "resolved": "https://registry.npmjs.org/material-ripple-effects/-/material-ripple-effects-2.0.1.tgz",
      "integrity": "sha512-hHlUkZAuXbP94lu02VgrPidbZ3hBtgXBtjlwR8APNqOIgDZMV8MCIcsclL8FmGJQHvnORyvoQgC965vPsiyXLQ=="
    },
    "mini-svg-data-uri": {
      "version": "1.4.4",
      "resolved": "https://registry.npmjs.org/mini-svg-data-uri/-/mini-svg-data-uri-1.4.4.tgz",
      "integrity": "sha512-r9deDe9p5FJUPZAk3A59wGH7Ii9YrjjWw0jmw/liSbHl2CHiyXj6FcDXDu2K3TjVAXqiJdaw3xxwlZZr9E6nHg=="
    },
    "prettier": {
      "version": "2.8.4",
      "resolved": "https://registry.npmjs.org/prettier/-/prettier-2.8.4.tgz",
      "integrity": "sha512-vIS4Rlc2FNh0BySk3Wkd6xmwxB0FpOndW5fisM5H8hsZSxU2VWVB5CWIkIjWvrHjIhxk2g3bfMKM87zNTrZddw==",
      "dev": true
    },
    "prettier-plugin-tailwindcss": {
      "version": "0.2.3",
      "resolved": "https://registry.npmjs.org/prettier-plugin-tailwindcss/-/prettier-plugin-tailwindcss-0.2.3.tgz",
      "integrity": "sha512-s2N5Dh7Ao5KTV1mao5ZBnn8EKtUcDPJEkGViZIjI0Ij9TTI5zgTz4IHOxW33jOdjHKa8CSjM88scelUiC5TNRQ==",
      "dev": true,
      "requires": {}
    }
  }
}
