lockfileVersion: '9.0'

settings:
  autoInstallPeers: true
  excludeLinksFromLockfile: false

importers:

  .:
    dependencies:
      flowbite:
        specifier: ^1.7.0
        version: 1.8.1
      playwright:
        specifier: 1.45.0
        version: 1.45.0
    devDependencies:
      axe-core:
        specifier: ^4.6.3
        version: 4.9.1
      prettier:
        specifier: ^3.0.0
        version: 3.3.2
      prettier-plugin-tailwindcss:
        specifier: ^0.3.0
        version: 0.3.0(prettier@3.3.2)

packages:

  '@popperjs/core@2.11.8':
    resolution: {integrity: sha512-P1st0aksCrn9sGZhp8GMYwBnQsbvAWsZAX44oXNNvLHGqAOcoVxmjZiohstwQ7SqKnbR47akdNi+uleWD8+g6A==}

  axe-core@4.9.1:
    resolution: {integrity: sha512-QbUdXJVTpvUTHU7871ppZkdOLBeGUKBQWHkHrvN2V9IQWGMt61zf3B45BtzjxEJzYuj0JBjBZP/hmYS/R9pmAw==}
    engines: {node: '>=4'}

  flowbite@1.8.1:
    resolution: {integrity: sha512-lXTcO8a6dRTPFpINyOLcATCN/pK1Of/jY4PryklPllAiqH64tSDUsOdQpar3TO59ZXWwugm2e92oaqwH6X90Xg==}

  fsevents@2.3.2:
    resolution: {integrity: sha512-xiqMQR4xAeHTuB9uWm+fFRcIOgKBMiOBP+eXiyT7jsgVCq1bkVygt00oASowB7EdtpOHaaPgKt812P9ab+DDKA==}
    engines: {node: ^8.16.0 || ^10.6.0 || >=11.0.0}
    os: [darwin]

  mini-svg-data-uri@1.4.4:
    resolution: {integrity: sha512-r9deDe9p5FJUPZAk3A59wGH7Ii9YrjjWw0jmw/liSbHl2CHiyXj6FcDXDu2K3TjVAXqiJdaw3xxwlZZr9E6nHg==}
    hasBin: true

  playwright-core@1.45.0:
    resolution: {integrity: sha512-lZmHlFQ0VYSpAs43dRq1/nJ9G/6SiTI7VPqidld9TDefL9tX87bTKExWZZUF5PeRyqtXqd8fQi2qmfIedkwsNQ==}
    engines: {node: '>=18'}
    hasBin: true

  playwright@1.45.0:
    resolution: {integrity: sha512-4z3ac3plDfYzGB6r0Q3LF8POPR20Z8D0aXcxbJvmfMgSSq1hkcgvFRXJk9rUq5H/MJ0Ktal869hhOdI/zUTeLA==}
    engines: {node: '>=18'}
    hasBin: true

  prettier-plugin-tailwindcss@0.3.0:
    resolution: {integrity: sha512-009/Xqdy7UmkcTBpwlq7jsViDqXAYSOMLDrHAdTMlVZOrKfM2o9Ci7EMWTMZ7SkKBFTG04UM9F9iM2+4i6boDA==}
    engines: {node: '>=12.17.0'}
    peerDependencies:
      '@ianvs/prettier-plugin-sort-imports': '*'
      '@prettier/plugin-pug': '*'
      '@shopify/prettier-plugin-liquid': '*'
      '@shufo/prettier-plugin-blade': '*'
      '@trivago/prettier-plugin-sort-imports': '*'
      prettier: '>=2.2.0'
      prettier-plugin-astro: '*'
      prettier-plugin-css-order: '*'
      prettier-plugin-import-sort: '*'
      prettier-plugin-jsdoc: '*'
      prettier-plugin-marko: '*'
      prettier-plugin-organize-attributes: '*'
      prettier-plugin-organize-imports: '*'
      prettier-plugin-style-order: '*'
      prettier-plugin-svelte: '*'
      prettier-plugin-twig-melody: '*'
    peerDependenciesMeta:
      '@ianvs/prettier-plugin-sort-imports':
        optional: true
      '@prettier/plugin-pug':
        optional: true
      '@shopify/prettier-plugin-liquid':
        optional: true
      '@shufo/prettier-plugin-blade':
        optional: true
      '@trivago/prettier-plugin-sort-imports':
        optional: true
      prettier-plugin-astro:
        optional: true
      prettier-plugin-css-order:
        optional: true
      prettier-plugin-import-sort:
        optional: true
      prettier-plugin-jsdoc:
        optional: true
      prettier-plugin-marko:
        optional: true
      prettier-plugin-organize-attributes:
        optional: true
      prettier-plugin-organize-imports:
        optional: true
      prettier-plugin-style-order:
        optional: true
      prettier-plugin-svelte:
        optional: true
      prettier-plugin-twig-melody:
        optional: true

  prettier@3.3.2:
    resolution: {integrity: sha512-rAVeHYMcv8ATV5d508CFdn+8/pHPpXeIid1DdrPwXnaAdH7cqjVbpJaT5eq4yRAFU/lsbwYwSF/n5iNrdJHPQA==}
    engines: {node: '>=14'}
    hasBin: true

snapshots:

  '@popperjs/core@2.11.8': {}

  axe-core@4.9.1: {}

  flowbite@1.8.1:
    dependencies:
      '@popperjs/core': 2.11.8
      mini-svg-data-uri: 1.4.4

  fsevents@2.3.2:
    optional: true

  mini-svg-data-uri@1.4.4: {}

  playwright-core@1.45.0: {}

  playwright@1.45.0:
    dependencies:
      playwright-core: 1.45.0
    optionalDependencies:
      fsevents: 2.3.2

  prettier-plugin-tailwindcss@0.3.0(prettier@3.3.2):
    dependencies:
      prettier: 3.3.2

  prettier@3.3.2: {}
